// !$*UTF8*$!
{
	archiveVersion = 1;
	classes = {
	};
	objectVersion = 50;
	objects = {

/* Begin PBXBuildFile section */
		1871915020D3C0E70064AB80 /* CountryListViewController.swift in Sources */ = {isa = PBXBuildFile; fileRef = 1871914F20D3C0E70064AB80 /* CountryListViewController.swift */; };
		189A297520D29894002F9E87 /* AppDelegate.swift in Sources */ = {isa = PBXBuildFile; fileRef = 189A297420D29894002F9E87 /* AppDelegate.swift */; };
		189A297A20D29894002F9E87 /* Main.storyboard in Resources */ = {isa = PBXBuildFile; fileRef = 189A297820D29894002F9E87 /* Main.storyboard */; };
		189A297C20D298A1002F9E87 /* Assets.xcassets in Resources */ = {isa = PBXBuildFile; fileRef = 189A297B20D298A1002F9E87 /* Assets.xcassets */; };
		189A297F20D298A1002F9E87 /* LaunchScreen.storyboard in Resources */ = {isa = PBXBuildFile; fileRef = 189A297D20D298A1002F9E87 /* LaunchScreen.storyboard */; };
		5C4115D821215DBA00E8463F /* CountryDetailViewController.swift in Sources */ = {isa = PBXBuildFile; fileRef = 5C4115D721215DBA00E8463F /* CountryDetailViewController.swift */; };
/* End PBXBuildFile section */

/* Begin PBXFileReference section */
		1871914F20D3C0E70064AB80 /* CountryListViewController.swift */ = {isa = PBXFileReference; lastKnownFileType = sourcecode.swift; path = CountryListViewController.swift; sourceTree = "<group>"; };
		189A297120D29894002F9E87 /* DecodableDemo.app */ = {isa = PBXFileReference; explicitFileType = wrapper.application; includeInIndex = 0; path = DecodableDemo.app; sourceTree = BUILT_PRODUCTS_DIR; };
		189A297420D29894002F9E87 /* AppDelegate.swift */ = {isa = PBXFileReference; lastKnownFileType = sourcecode.swift; path = AppDelegate.swift; sourceTree = "<group>"; };
		189A297920D29894002F9E87 /* Base */ = {isa = PBXFileReference; lastKnownFileType = file.storyboard; name = Base; path = Base.lproj/Main.storyboard; sourceTree = "<group>"; };
		189A297B20D298A1002F9E87 /* Assets.xcassets */ = {isa = PBXFileReference; lastKnownFileType = folder.assetcatalog; path = Assets.xcassets; sourceTree = "<group>"; };
		189A297E20D298A1002F9E87 /* Base */ = {isa = PBXFileReference; lastKnownFileType = file.storyboard; name = Base; path = Base.lproj/LaunchScreen.storyboard; sourceTree = "<group>"; };
		189A298020D298A1002F9E87 /* Info.plist */ = {isa = PBXFileReference; lastKnownFileType = text.plist.xml; path = Info.plist; sourceTree = "<group>"; };
		5C4115D721215DBA00E8463F /* CountryDetailViewController.swift */ = {isa = PBXFileReference; lastKnownFileType = sourcecode.swift; path = CountryDetailViewController.swift; sourceTree = "<group>"; };
/* End PBXFileReference section */

/* Begin PBXFrameworksBuildPhase section */
		189A296E20D29894002F9E87 /* Frameworks */ = {
			isa = PBXFrameworksBuildPhase;
			buildActionMask = 2147483647;
			files = (
			);
			runOnlyForDeploymentPostprocessing = 0;
		};
/* End PBXFrameworksBuildPhase section */

/* Begin PBXGroup section */
		1871915120D3C3180064AB80 /* AppDelegate */ = {
			isa = PBXGroup;
			children = (
				189A297420D29894002F9E87 /* AppDelegate.swift */,
			);
			path = AppDelegate;
			sourceTree = "<group>";
		};
		1871915220D3C4FB0064AB80 /* UIViewControllers */ = {
			isa = PBXGroup;
			children = (
				1871914F20D3C0E70064AB80 /* CountryListViewController.swift */,
				5C4115D721215DBA00E8463F /* CountryDetailViewController.swift */,
			);
			path = UIViewControllers;
			sourceTree = "<group>";
		};
		189A296820D29894002F9E87 = {
			isa = PBXGroup;
			children = (
				189A297320D29894002F9E87 /* DecodableDemo */,
				189A297220D29894002F9E87 /* Products */,
			);
			sourceTree = "<group>";
		};
		189A297220D29894002F9E87 /* Products */ = {
			isa = PBXGroup;
			children = (
				189A297120D29894002F9E87 /* DecodableDemo.app */,
			);
			name = Products;
			sourceTree = "<group>";
		};
		189A297320D29894002F9E87 /* DecodableDemo */ = {
			isa = PBXGroup;
			children = (
				1871915120D3C3180064AB80 /* AppDelegate */,
				1871915220D3C4FB0064AB80 /* UIViewControllers */,
				5CBF85A620FC78C4005BB486 /* UIStorybords */,
				5CBF85A720FC78E0005BB486 /* Helper */,
			);
			path = DecodableDemo;
			sourceTree = "<group>";
		};
		5CBF85A620FC78C4005BB486 /* UIStorybords */ = {
			isa = PBXGroup;
			children = (
				189A297820D29894002F9E87 /* Main.storyboard */,
				189A297D20D298A1002F9E87 /* LaunchScreen.storyboard */,
			);
			path = UIStorybords;
			sourceTree = "<group>";
		};
		5CBF85A720FC78E0005BB486 /* Helper */ = {
			isa = PBXGroup;
			children = (
				189A297B20D298A1002F9E87 /* Assets.xcassets */,
				189A298020D298A1002F9E87 /* Info.plist */,
			);
			path = Helper;
			sourceTree = "<group>";
		};
/* End PBXGroup section */

/* Begin PBXNativeTarget section */
		189A297020D29894002F9E87 /* DecodableDemo */ = {
			isa = PBXNativeTarget;
			buildConfigurationList = 189A298320D298A1002F9E87 /* Build configuration list for PBXNativeTarget "DecodableDemo" */;
			buildPhases = (
				189A296D20D29894002F9E87 /* Sources */,
				189A296E20D29894002F9E87 /* Frameworks */,
				189A296F20D29894002F9E87 /* Resources */,
			);
			buildRules = (
			);
			dependencies = (
			);
			name = DecodableDemo;
			productName = DecodableDemo;
			productReference = 189A297120D29894002F9E87 /* DecodableDemo.app */;
			productType = "com.apple.product-type.application";
		};
/* End PBXNativeTarget section */

/* Begin PBXProject section */
		189A296920D29894002F9E87 /* Project object */ = {
			isa = PBXProject;
			attributes = {
				LastSwiftUpdateCheck = 0930;
				LastUpgradeCheck = 0930;
				ORGANIZATIONNAME = Mobio;
				TargetAttributes = {
					189A297020D29894002F9E87 = {
						CreatedOnToolsVersion = 9.3;
					};
				};
			};
			buildConfigurationList = 189A296C20D29894002F9E87 /* Build configuration list for PBXProject "DecodableDemo" */;
			compatibilityVersion = "Xcode 9.3";
			developmentRegion = en;
			hasScannedForEncodings = 0;
			knownRegions = (
				en,
				Base,
			);
			mainGroup = 189A296820D29894002F9E87;
			productRefGroup = 189A297220D29894002F9E87 /* Products */;
			projectDirPath = "";
			projectRoot = "";
			targets = (
				189A297020D29894002F9E87 /* DecodableDemo */,
			);
		};
/* End PBXProject section */

/* Begin PBXResourcesBuildPhase section */
		189A296F20D29894002F9E87 /* Resources */ = {
			isa = PBXResourcesBuildPhase;
			buildActionMask = 2147483647;
			files = (
				189A297F20D298A1002F9E87 /* LaunchScreen.storyboard in Resources */,
				189A297C20D298A1002F9E87 /* Assets.xcassets in Resources */,
				189A297A20D29894002F9E87 /* Main.storyboard in Resources */,
			);
			runOnlyForDeploymentPostprocessing = 0;
		};
/* End PBXResourcesBuildPhase section */

/* Begin PBXSourcesBuildPhase section */
		189A296D20D29894002F9E87 /* Sources */ = {
			isa = PBXSourcesBuildPhase;
			buildActionMask = 2147483647;
			files = (
				5C4115D821215DBA00E8463F /* CountryDetailViewController.swift in Sources */,
				1871915020D3C0E70064AB80 /* CountryListViewController.swift in Sources */,
				189A297520D29894002F9E87 /* AppDelegate.swift in Sources */,
			);
			runOnlyForDeploymentPostprocessing = 0;
		};
/* End PBXSourcesBuildPhase section */

/* Begin PBXVariantGroup section */
		189A297820D29894002F9E87 /* Main.storyboard */ = {
			isa = PBXVariantGroup;
			children = (
				189A297920D29894002F9E87 /* Base */,
			);
			name = Main.storyboard;
			sourceTree = "<group>";
		};
		189A297D20D298A1002F9E87 /* LaunchScreen.storyboard */ = {
			isa = PBXVariantGroup;
			children = (
				189A297E20D298A1002F9E87 /* Base */,
			);
			name = LaunchScreen.storyboard;
			sourceTree = "<group>";
		};
/* End PBXVariantGroup section */

/* Begin XCBuildConfiguration section */
		189A298120D298A1002F9E87 /* Debug */ = {
			isa = XCBuildConfiguration;
			buildSettings = {
				ALWAYS_SEARCH_USER_PATHS = NO;
				CLANG_ANALYZER_NONNULL = YES;
				CLANG_ANALYZER_NUMBER_OBJECT_CONVERSION = YES_AGGRESSIVE;
				CLANG_CXX_LANGUAGE_STANDARD = "gnu++14";
				CLANG_CXX_LIBRARY = "libc++";
				CLANG_ENABLE_MODULES = YES;
				CLANG_ENABLE_OBJC_ARC = YES;
				CLANG_ENABLE_OBJC_WEAK = YES;
				CLANG_WARN_BLOCK_CAPTURE_AUTORELEASING = YES;
				CLANG_WARN_BOOL_CONVERSION = YES;
				CLANG_WARN_COMMA = YES;
				CLANG_WARN_CONSTANT_CONVERSION = YES;
				CLANG_WARN_DEPRECATED_OBJC_IMPLEMENTATIONS = YES;
				CLANG_WARN_DIRECT_OBJC_ISA_USAGE = YES_ERROR;
				CLANG_WARN_DOCUMENTATION_COMMENTS = YES;
				CLANG_WARN_EMPTY_BODY = YES;
				CLANG_WARN_ENUM_CONVERSION = YES;
				CLANG_WARN_INFINITE_RECURSION = YES;
				CLANG_WARN_INT_CONVERSION = YES;
				CLANG_WARN_NON_LITERAL_NULL_CONVERSION = YES;
				CLANG_WARN_OBJC_IMPLICIT_RETAIN_SELF = YES;
				CLANG_WARN_OBJC_LITERAL_CONVERSION = YES;
				CLANG_WARN_OBJC_ROOT_CLASS = YES_ERROR;
				CLANG_WARN_RANGE_LOOP_ANALYSIS = YES;
				CLANG_WARN_STRICT_PROTOTYPES = YES;
				CLANG_WARN_SUSPICIOUS_MOVE = YES;
				CLANG_WARN_UNGUARDED_AVAILABILITY = YES_AGGRESSIVE;
				CLANG_WARN_UNREACHABLE_CODE = YES;
				CLANG_WARN__DUPLICATE_METHOD_MATCH = YES;
				CODE_SIGN_IDENTITY = "iPhone Developer";
				COPY_PHASE_STRIP = NO;
				DEBUG_INFORMATION_FORMAT = dwarf;
				ENABLE_STRICT_OBJC_MSGSEND = YES;
				ENABLE_TESTABILITY = YES;
				GCC_C_LANGUAGE_STANDARD = gnu11;
				GCC_DYNAMIC_NO_PIC = NO;
				GCC_NO_COMMON_BLOCKS = YES;
				GCC_OPTIMIZATION_LEVEL = 0;
				GCC_PREPROCESSOR_DEFINITIONS = (
					"DEBUG=1",
					"$(inherited)",
				);
				GCC_WARN_64_TO_32_BIT_CONVERSION = YES;
				GCC_WARN_ABOUT_RETURN_TYPE = YES_ERROR;
				GCC_WARN_UNDECLARED_SELECTOR = YES;
				GCC_WARN_UNINITIALIZED_AUTOS = YES_AGGRESSIVE;
				GCC_WARN_UNUSED_FUNCTION = YES;
				GCC_WARN_UNUSED_VARIABLE = YES;
				IPHONEOS_DEPLOYMENT_TARGET = 11.3;
				MTL_ENABLE_DEBUG_INFO = YES;
				ONLY_ACTIVE_ARCH = YES;
				SDKROOT = iphoneos;
				SWIFT_ACTIVE_COMPILATION_CONDITIONS = DEBUG;
				SWIFT_OPTIMIZATION_LEVEL = "-Onone";
			};
			name = Debug;
		};
		189A298220D298A1002F9E87 /* Release */ = {
			isa = XCBuildConfiguration;
			buildSettings = {
				ALWAYS_SEARCH_USER_PATHS = NO;
				CLANG_ANALYZER_NONNULL = YES;
				CLANG_ANALYZER_NUMBER_OBJECT_CONVERSION = YES_AGGRESSIVE;
				CLANG_CXX_LANGUAGE_STANDARD = "gnu++14";
				CLANG_CXX_LIBRARY = "libc++";
				CLANG_ENABLE_MODULES = YES;
				CLANG_ENABLE_OBJC_ARC = YES;
				CLANG_ENABLE_OBJC_WEAK = YES;
				CLANG_WARN_BLOCK_CAPTURE_AUTORELEASING = YES;
				CLANG_WARN_BOOL_CONVERSION = YES;
				CLANG_WARN_COMMA = YES;
				CLANG_WARN_CONSTANT_CONVERSION = YES;
				CLANG_WARN_DEPRECATED_OBJC_IMPLEMENTATIONS = YES;
				CLANG_WARN_DIRECT_OBJC_ISA_USAGE = YES_ERROR;
				CLANG_WARN_DOCUMENTATION_COMMENTS = YES;
				CLANG_WARN_EMPTY_BODY = YES;
				CLANG_WARN_ENUM_CONVERSION = YES;
				CLANG_WARN_INFINITE_RECURSION = YES;
				CLANG_WARN_INT_CONVERSION = YES;
				CLANG_WARN_NON_LITERAL_NULL_CONVERSION = YES;
				CLANG_WARN_OBJC_IMPLICIT_RETAIN_SELF = YES;
				CLANG_WARN_OBJC_LITERAL_CONVERSION = YES;
				CLANG_WARN_OBJC_ROOT_CLASS = YES_ERROR;
				CLANG_WARN_RANGE_LOOP_ANALYSIS = YES;
				CLANG_WARN_STRICT_PROTOTYPES = YES;
				CLANG_WARN_SUSPICIOUS_MOVE = YES;
				CLANG_WARN_UNGUARDED_AVAILABILITY = YES_AGGRESSIVE;
				CLANG_WARN_UNREACHABLE_CODE = YES;
				CLANG_WARN__DUPLICATE_METHOD_MATCH = YES;
				CODE_SIGN_IDENTITY = "iPhone Developer";
				COPY_PHASE_STRIP = NO;
				DEBUG_INFORMATION_FORMAT = "dwarf-with-dsym";
				ENABLE_NS_ASSERTIONS = NO;
				ENABLE_STRICT_OBJC_MSGSEND = YES;
				GCC_C_LANGUAGE_STANDARD = gnu11;
				GCC_NO_COMMON_BLOCKS = YES;
				GCC_WARN_64_TO_32_BIT_CONVERSION = YES;
				GCC_WARN_ABOUT_RETURN_TYPE = YES_ERROR;
				GCC_WARN_UNDECLARED_SELECTOR = YES;
				GCC_WARN_UNINITIALIZED_AUTOS = YES_AGGRESSIVE;
				GCC_WARN_UNUSED_FUNCTION = YES;
				GCC_WARN_UNUSED_VARIABLE = YES;
				IPHONEOS_DEPLOYMENT_TARGET = 11.3;
				MTL_ENABLE_DEBUG_INFO = NO;
				SDKROOT = iphoneos;
				SWIFT_COMPILATION_MODE = wholemodule;
				SWIFT_OPTIMIZATION_LEVEL = "-O";
				VALIDATE_PRODUCT = YES;
			};
			name = Release;
		};
		189A298420D298A1002F9E87 /* Debug */ = {
			isa = XCBuildConfiguration;
			buildSettings = {
				ASSETCATALOG_COMPILER_APPICON_NAME = AppIcon;
				CODE_SIGN_STYLE = Automatic;
				INFOPLIST_FILE = DecodableDemo/Helper/Info.plist;
				LD_RUNPATH_SEARCH_PATHS = (
					"$(inherited)",
					"@executable_path/Frameworks",
				);
				PRODUCT_BUNDLE_IDENTIFIER = com.DecodableDemo;
				PRODUCT_NAME = "$(TARGET_NAME)";
				SWIFT_VERSION = 4.0;
				TARGETED_DEVICE_FAMILY = "1,2";
			};
			name = Debug;
		};
		189A298520D298A1002F9E87 /* Release */ = {
			isa = XCBuildConfiguration;
			buildSettings = {
				ASSETCATALOG_COMPILER_APPICON_NAME = AppIcon;
				CODE_SIGN_STYLE = Automatic;
				INFOPLIST_FILE = DecodableDemo/Helper/Info.plist;
				LD_RUNPATH_SEARCH_PATHS = (
					"$(inherited)",
					"@executable_path/Frameworks",
				);
				PRODUCT_BUNDLE_IDENTIFIER = com.DecodableDemo;
				PRODUCT_NAME = "$(TARGET_NAME)";
				SWIFT_VERSION = 4.0;
				TARGETED_DEVICE_FAMILY = "1,2";
			};
			name = Release;
		};
/* End XCBuildConfiguration section */

/* Begin XCConfigurationList section */
		189A296C20D29894002F9E87 /* Build configuration list for PBXProject "DecodableDemo" */ = {
			isa = XCConfigurationList;
			buildConfigurations = (
				189A298120D298A1002F9E87 /* Debug */,
				189A298220D298A1002F9E87 /* Release */,
			);
			defaultConfigurationIsVisible = 0;
			defaultConfigurationName = Release;
		};
		189A298320D298A1002F9E87 /* Build configuration list for PBXNativeTarget "DecodableDemo" */ = {
			isa = XCConfigurationList;
			buildConfigurations = (
				189A298420D298A1002F9E87 /* Debug */,
				189A298520D298A1002F9E87 /* Release */,
			);
			defaultConfigurationIsVisible = 0;
			defaultConfigurationName = Release;
		};
/* End XCConfigurationList section */
	};
	rootObject = 189A296920D29894002F9E87 /* Project object */;
}
